
Microsoft Visual Studio Solution File, Format Version 12.00
# Visual Studio 15
VisualStudioVersion = 15.0.28307.1972
MinimumVisualStudioVersion = 10.0.40219.1
Project("{FAE04EC0-301F-11D3-BF4B-00C04F79EFBC}") = "ClassLibrary1", "ClassLibrary1\ClassLibrary1.csproj", "{198210CA-899D-4DBC-85B0-812D99F0ED6F}"
EndProject
Project("{FAE04EC0-301F-11D3-BF4B-00C04F79EFBC}") = "UnitTestProject1", "UnitTestProject1\UnitTestProject1.csproj", "{65B11435-AE1D-4CF3-A1BB-A38CEAFE5E7B}"
EndProject
Global
	GlobalSection(SolutionConfigurationPlatforms) = preSolution
		Debug|Any CPU = Debug|Any CPU
		Release|Any CPU = Release|Any CPU
	EndGlobalSection
	GlobalSection(ProjectConfigurationPlatforms) = postSolution
		{198210CA-899D-4DBC-85B0-812D99F0ED6F}.Debug|Any CPU.ActiveCfg = Debug|Any CPU
		{198210CA-899D-4DBC-85B0-812D99F0ED6F}.Debug|Any CPU.Build.0 = Debug|Any CPU
		{198210CA-899D-4DBC-85B0-812D99F0ED6F}.Release|Any CPU.ActiveCfg = Release|Any CPU
		{198210CA-899D-4DBC-85B0-812D99F0ED6F}.Release|Any CPU.Build.0 = Release|Any CPU
		{65B11435-AE1D-4CF3-A1BB-A38CEAFE5E7B}.Debug|Any CPU.ActiveCfg = Debug|Any CPU
		{65B11435-AE1D-4CF3-A1BB-A38CEAFE5E7B}.Debug|Any CPU.Build.0 = Debug|Any CPU
		{65B11435-AE1D-4CF3-A1BB-A38CEAFE5E7B}.Release|Any CPU.ActiveCfg = Release|Any CPU
		{65B11435-AE1D-4CF3-A1BB-A38CEAFE5E7B}.Release|Any CPU.Build.0 = Release|Any CPU
	EndGlobalSection
	GlobalSection(SolutionProperties) = preSolution
		HideSolutionNode = FALSE
	EndGlobalSection
	GlobalSection(ExtensibilityGlobals) = postSolution
		SolutionGuid = {9AA2CACD-F0D1-41A6-B0F8-D6B726072715}
	EndGlobalSection
EndGlobal
